{
  "version": 4,
  "terraform_version": "1.6.2",
  "serial": 20,
  "lineage": "408b164f-3103-1c0b-9460-04f41a27d46d",
  "outputs": {},
  "resources": [
    {
      "mode": "data",
      "type": "archive_file",
      "name": "face-cut-zip",
      "provider": "provider[\"registry.terraform.io/hashicorp/archive\"]",
      "instances": [
        {
          "schema_version": 0,
          "attributes": {
            "exclude_symlink_directories": null,
            "excludes": null,
            "id": "c5715feb2be4a9491de765b516fe5abae10cc2cf",
            "output_base64sha256": "YdOUMZtS/zNXgU21uyqmt5VieBqpFR7evq61L1QpnLI=",
            "output_base64sha512": "fIq1GOkPoz1N+USgWJLlLxQXjSRpmbLcT6axSjaqFEixYpuWIz/YfvOnNx96tpeJnMew/XYfy1kQaLYrr4i20A==",
            "output_file_mode": null,
            "output_md5": "0532da9c320b3d5cff61e6445dd64334",
            "output_path": "face-cut.zip",
            "output_sha": "c5715feb2be4a9491de765b516fe5abae10cc2cf",
            "output_sha256": "61d394319b52ff3357814db5bb2aa6b79562781aa9151edebeaeb52f54299cb2",
            "output_sha512": "7c8ab518e90fa33d4df944a05892e52f14178d246999b2dc4fa6b14a36aa1448b1629b96233fd87ef3a7371f7ab697899cc7b0fd761fcb591068b62baf88b6d0",
            "output_size": 1703,
            "source": [],
            "source_content": null,
            "source_content_filename": null,
            "source_dir": "face-cut",
            "source_file": null,
            "type": "zip"
          },
          "sensitive_attributes": []
        }
      ]
    },
    {
      "mode": "data",
      "type": "archive_file",
      "name": "face-detection-zip",
      "provider": "provider[\"registry.terraform.io/hashicorp/archive\"]",
      "instances": [
        {
          "schema_version": 0,
          "attributes": {
            "exclude_symlink_directories": null,
            "excludes": null,
            "id": "a6a8fdd12f3a3cfc6e4513277edccf6a12393f34",
            "output_base64sha256": "PJN8RjXgHIuZmD7YankzzTo7igaQUNa02BjdMTCI2go=",
            "output_base64sha512": "3XwF6yBduOOwzFeuWR/9itrCvHaJQc79WfSuy4kra7e1KkgKc4OQXBfRaYQ0s90BKv5KCYGq5Cguf7z578auyg==",
            "output_file_mode": null,
            "output_md5": "bd4b234073143692b11a2021500345fd",
            "output_path": "face-detection.zip",
            "output_sha": "a6a8fdd12f3a3cfc6e4513277edccf6a12393f34",
            "output_sha256": "3c937c4635e01c8b99983ed86a7933cd3a3b8a069050d6b4d818dd313088da0a",
            "output_sha512": "dd7c05eb205db8e3b0cc57ae591ffd8adac2bc768941cefd59f4aecb892b6bb7b52a480a7383905c17d1698434b3dd012afe4a0981aae4282e7fbcf9efc6aeca",
            "output_size": 1499,
            "source": [],
            "source_content": null,
            "source_content_filename": null,
            "source_dir": "face-detection",
            "source_file": null,
            "type": "zip"
          },
          "sensitive_attributes": []
        }
      ]
    },
    {
      "mode": "data",
      "type": "archive_file",
      "name": "telegram-bot-zip",
      "provider": "provider[\"registry.terraform.io/hashicorp/archive\"]",
      "instances": [
        {
          "schema_version": 0,
          "attributes": {
            "exclude_symlink_directories": null,
            "excludes": null,
            "id": "e7638de113afe7978d9e78237e50e9ecff6d8fd2",
            "output_base64sha256": "LaS4etVpfrP8HjltjN43qlR/y6A14vbWLXTfW/0LxNM=",
            "output_base64sha512": "AGoe/IVIfS3SOfTb/QPP7o6XFF78dR3grV5OTOi1Nk1OS6CWo/WRscTQiwVzurvWTd4M6nX3yFzTocMLVgmIKA==",
            "output_file_mode": null,
            "output_md5": "582f040aee66e7ddb729a2989ba6e332",
            "output_path": "telegram-bot.zip",
            "output_sha": "e7638de113afe7978d9e78237e50e9ecff6d8fd2",
            "output_sha256": "2da4b87ad5697eb3fc1e396d8cde37aa547fcba035e2f6d62d74df5bfd0bc4d3",
            "output_sha512": "006a1efc85487d2dd239f4dbfd03cfee8e97145efc751de0ad5e4e4ce8b5364d4e4ba096a3f591b1c4d08b0573babbd64dde0cea75f7c85cd3a1c30b56098828",
            "output_size": 2115,
            "source": [],
            "source_content": null,
            "source_content_filename": null,
            "source_dir": "telegram-bot",
            "source_file": null,
            "type": "zip"
          },
          "sensitive_attributes": []
        }
      ]
    },
    {
      "mode": "data",
      "type": "http",
      "name": "telegram-bot-webhook",
      "provider": "provider[\"registry.terraform.io/hashicorp/http\"]",
      "instances": [
        {
          "schema_version": 0,
          "attributes": {
            "body": "{\"ok\":true,\"result\":true,\"description\":\"Webhook was set\"}",
            "ca_cert_pem": null,
            "id": "https://api.telegram.org/bot6827168946:AAHDU34T5rAp-yDJ75TCoaW2ZyHuU96ywhU/setWebhook?url=https://functions.yandexcloud.net/d4elhfl02sdvtthe5jqd",
            "insecure": null,
            "method": null,
            "request_body": null,
            "request_headers": null,
            "request_timeout_ms": null,
            "response_body": "{\"ok\":true,\"result\":true,\"description\":\"Webhook was set\"}",
            "response_body_base64": "eyJvayI6dHJ1ZSwicmVzdWx0Ijp0cnVlLCJkZXNjcmlwdGlvbiI6IldlYmhvb2sgd2FzIHNldCJ9",
            "response_headers": {
              "Access-Control-Allow-Methods": "GET, POST, OPTIONS",
              "Access-Control-Allow-Origin": "*",
              "Access-Control-Expose-Headers": "Content-Length,Content-Type,Date,Server,Connection",
              "Content-Length": "57",
              "Content-Type": "application/json",
              "Date": "Thu, 30 Nov 2023 16:40:59 GMT",
              "Server": "nginx/1.18.0",
              "Strict-Transport-Security": "max-age=31536000; includeSubDomains; preload"
            },
            "retry": null,
            "status_code": 200,
            "url": "https://api.telegram.org/bot6827168946:AAHDU34T5rAp-yDJ75TCoaW2ZyHuU96ywhU/setWebhook?url=https://functions.yandexcloud.net/d4elhfl02sdvtthe5jqd"
          },
          "sensitive_attributes": []
        }
      ]
    },
    {
      "mode": "managed",
      "type": "yandex_api_gateway",
      "name": "api-gateway",
      "provider": "provider[\"registry.terraform.io/yandex-cloud/yandex\"]",
      "instances": [
        {
          "schema_version": 0,
          "attributes": {
            "canary": [],
            "connectivity": [],
            "created_at": "2023-11-30T16:39:36Z",
            "custom_domains": [],
            "description": "",
            "domain": "d5d6fnc5j1ef3va72gs4.apigw.yandexcloud.net",
            "folder_id": "b1gkhbtm684hssimvbu7",
            "id": "d5d6fnc5j1ef3va72gs4",
            "labels": {},
            "log_group_id": "ckg3i11imn62ptpffa34",
            "name": "vvot08-apigw",
            "spec": "openapi: \"3.0.0\"\ninfo:\n  version: 1.0.0\n  title: HW API\npaths:\n  /:\n    get:\n      summary: Get face photo\n      operationId: face\n      parameters:\n        - name: face\n          in: query\n          description: Face photo key\n          required: true\n          schema:\n            type: string\n      x-yc-apigateway-integration:\n        type: object_storage\n        bucket: vvot08-faces\n        object: '{face}'\n        service_account_id: ajenvm1gg829h2enr7ht\n",
            "status": "active",
            "timeouts": null,
            "user_domains": [],
            "variables": null
          },
          "sensitive_attributes": [],
          "private": "eyJlMmJmYjczMC1lY2FhLTExZTYtOGY4OC0zNDM2M2JjN2M0YzAiOnsiY3JlYXRlIjozMDAwMDAwMDAwMDAsImRlbGV0ZSI6MzAwMDAwMDAwMDAwLCJ1cGRhdGUiOjMwMDAwMDAwMDAwMH19",
          "dependencies": [
            "yandex_iam_service_account_static_access_key.sa-static-key",
            "yandex_storage_bucket.faces-bucket"
          ]
        }
      ]
    },
    {
      "mode": "managed",
      "type": "yandex_function",
      "name": "face-cut-func",
      "provider": "provider[\"registry.terraform.io/yandex-cloud/yandex\"]",
      "instances": [
        {
          "schema_version": 0,
          "attributes": {
            "async_invocation": [],
            "connectivity": [],
            "content": [
              {
                "zip_filename": "face-cut.zip"
              }
            ],
            "created_at": "2023-11-30T16:40:35Z",
            "description": "Face cut handler",
            "entrypoint": "face-cut.handler",
            "environment": {
              "AWS_ACCESS_KEY_ID": "YCAJESfT3I71SWqrxCIOW7Ew_",
              "AWS_SECRET_ACCESS_KEY": "YCMZFJNRgayg9J2uYrtKFXA55Jck6ZoP69AYg7sk",
              "DB_API_ENDPOINT": "grpcs://ydb.serverless.yandexcloud.net:2135",
              "DB_NAME": "/ru-central1/b1g71e95h51okii30p25/etn3lgh8fhr884em47s0",
              "FACES_BUCKET_ID": "vvot08-faces",
              "PHOTOS_BUCKET_ID": "vvot08-photo",
              "TABLE_NAME": "photo_face"
            },
            "execution_timeout": "10",
            "folder_id": "b1gkhbtm684hssimvbu7",
            "id": "d4edqfhvq87olma94pkt",
            "image_size": 52133888,
            "labels": null,
            "loggroup_id": "",
            "memory": 128,
            "name": "vvot08-face-cut",
            "package": [],
            "runtime": "python311",
            "secrets": [],
            "service_account_id": "ajenvm1gg829h2enr7ht",
            "tags": [],
            "timeouts": null,
            "user_hash": "v1.0.0",
            "version": "d4easfd53pdclg60tn7g"
          },
          "sensitive_attributes": [
            [
              {
                "type": "get_attr",
                "value": "environment"
              },
              {
                "type": "index",
                "value": {
                  "value": "AWS_SECRET_ACCESS_KEY",
                  "type": "string"
                }
              }
            ]
          ],
          "private": "eyJlMmJmYjczMC1lY2FhLTExZTYtOGY4OC0zNDM2M2JjN2M0YzAiOnsiY3JlYXRlIjo2MDAwMDAwMDAwMDAsImRlbGV0ZSI6NjAwMDAwMDAwMDAwLCJ1cGRhdGUiOjYwMDAwMDAwMDAwMH19",
          "dependencies": [
            "yandex_iam_service_account_static_access_key.sa-static-key",
            "yandex_storage_bucket.faces-bucket",
            "yandex_storage_bucket.photos-bucket",
            "yandex_ydb_database_serverless.db",
            "yandex_ydb_table.photo-face-table"
          ]
        }
      ]
    },
    {
      "mode": "managed",
      "type": "yandex_function",
      "name": "face-detection-func",
      "provider": "provider[\"registry.terraform.io/yandex-cloud/yandex\"]",
      "instances": [
        {
          "schema_version": 0,
          "attributes": {
            "async_invocation": [],
            "connectivity": [],
            "content": [
              {
                "zip_filename": "face-detection.zip"
              }
            ],
            "created_at": "2023-11-30T16:39:30Z",
            "description": "Face detection handler",
            "entrypoint": "face-detection.handler",
            "environment": {
              "API_KEY": "AQVNx9ItFQ-jchKA2ZIv35RHcyUhr2xCYuNJsBxA",
              "AWS_ACCESS_KEY_ID": "YCAJESfT3I71SWqrxCIOW7Ew_",
              "AWS_SECRET_ACCESS_KEY": "YCMZFJNRgayg9J2uYrtKFXA55Jck6ZoP69AYg7sk",
              "YMQ_QUEUE_URL": "https://message-queue.api.cloud.yandex.net/b1g71e95h51okii30p25/dj6000000014dtcn02mk/vvot08-task"
            },
            "execution_timeout": "10",
            "folder_id": "b1gkhbtm684hssimvbu7",
            "id": "d4e30glv1rab4q1mee0m",
            "image_size": 32849920,
            "labels": {},
            "loggroup_id": "",
            "memory": 128,
            "name": "vvot08-face-detection",
            "package": [],
            "runtime": "python311",
            "secrets": [],
            "service_account_id": "ajenvm1gg829h2enr7ht",
            "tags": [],
            "timeouts": null,
            "user_hash": "v1.0.0",
            "version": "d4en176e7jtitaq51p0o"
          },
          "sensitive_attributes": [
            [
              {
                "type": "get_attr",
                "value": "environment"
              },
              {
                "type": "index",
                "value": {
                  "value": "API_KEY",
                  "type": "string"
                }
              }
            ],
            [
              {
                "type": "get_attr",
                "value": "environment"
              },
              {
                "type": "index",
                "value": {
                  "value": "AWS_SECRET_ACCESS_KEY",
                  "type": "string"
                }
              }
            ]
          ],
          "private": "eyJlMmJmYjczMC1lY2FhLTExZTYtOGY4OC0zNDM2M2JjN2M0YzAiOnsiY3JlYXRlIjo2MDAwMDAwMDAwMDAsImRlbGV0ZSI6NjAwMDAwMDAwMDAwLCJ1cGRhdGUiOjYwMDAwMDAwMDAwMH19",
          "dependencies": [
            "yandex_iam_service_account_api_key.sa-api-key",
            "yandex_iam_service_account_static_access_key.sa-static-key",
            "yandex_message_queue.face-cut-task-queue"
          ]
        }
      ]
    },
    {
      "mode": "managed",
      "type": "yandex_function",
      "name": "telegram-bot-func",
      "provider": "provider[\"registry.terraform.io/yandex-cloud/yandex\"]",
      "instances": [
        {
          "schema_version": 0,
          "attributes": {
            "async_invocation": [],
            "connectivity": [],
            "content": [
              {
                "zip_filename": "telegram-bot.zip"
              }
            ],
            "created_at": "2023-11-30T16:40:34Z",
            "description": "Telegram bot function",
            "entrypoint": "telegram-bot.handler",
            "environment": {
              "DB_API_ENDPOINT": "grpcs://ydb.serverless.yandexcloud.net:2135",
              "DB_NAME": "/ru-central1/b1g71e95h51okii30p25/etn3lgh8fhr884em47s0",
              "FACES_STORAGE_API_GATEWAY_ENDPOINT": "https://d5d6fnc5j1ef3va72gs4.apigw.yandexcloud.net/?face=",
              "TABLE_NAME": "photo_face",
              "TG_KEY": "6827168946:AAHDU34T5rAp-yDJ75TCoaW2ZyHuU96ywhU"
            },
            "execution_timeout": "10",
            "folder_id": "b1gkhbtm684hssimvbu7",
            "id": "d4elhfl02sdvtthe5jqd",
            "image_size": 44679168,
            "labels": null,
            "loggroup_id": "",
            "memory": 128,
            "name": "vvot08-telegram-bot",
            "package": [],
            "runtime": "python311",
            "secrets": [],
            "service_account_id": "ajenvm1gg829h2enr7ht",
            "tags": [],
            "timeouts": null,
            "user_hash": "v1.0.0",
            "version": "d4en21fg868upjn014o9"
          },
          "sensitive_attributes": [],
          "private": "eyJlMmJmYjczMC1lY2FhLTExZTYtOGY4OC0zNDM2M2JjN2M0YzAiOnsiY3JlYXRlIjo2MDAwMDAwMDAwMDAsImRlbGV0ZSI6NjAwMDAwMDAwMDAwLCJ1cGRhdGUiOjYwMDAwMDAwMDAwMH19",
          "dependencies": [
            "yandex_api_gateway.api-gateway",
            "yandex_iam_service_account_static_access_key.sa-static-key",
            "yandex_storage_bucket.faces-bucket",
            "yandex_ydb_database_serverless.db",
            "yandex_ydb_table.photo-face-table"
          ]
        }
      ]
    },
    {
      "mode": "managed",
      "type": "yandex_function_iam_binding",
      "name": "telegram-bot-func-iam",
      "provider": "provider[\"registry.terraform.io/yandex-cloud/yandex\"]",
      "instances": [
        {
          "schema_version": 0,
          "attributes": {
            "function_id": "d4elhfl02sdvtthe5jqd",
            "id": "d4elhfl02sdvtthe5jqd/serverless.functions.invoker",
            "members": [
              "system:allUsers"
            ],
            "role": "serverless.functions.invoker",
            "sleep_after": null,
            "timeouts": null
          },
          "sensitive_attributes": [],
          "private": "eyJlMmJmYjczMC1lY2FhLTExZTYtOGY4OC0zNDM2M2JjN2M0YzAiOnsiY3JlYXRlIjo2MDAwMDAwMDAwMCwiZGVmYXVsdCI6NjAwMDAwMDAwMDAsImRlbGV0ZSI6NjAwMDAwMDAwMDAsInJlYWQiOjYwMDAwMDAwMDAwLCJ1cGRhdGUiOjYwMDAwMDAwMDAwfX0=",
          "dependencies": [
            "yandex_api_gateway.api-gateway",
            "yandex_function.telegram-bot-func",
            "yandex_iam_service_account_static_access_key.sa-static-key",
            "yandex_storage_bucket.faces-bucket",
            "yandex_ydb_database_serverless.db",
            "yandex_ydb_table.photo-face-table"
          ]
        }
      ]
    },
    {
      "mode": "managed",
      "type": "yandex_function_trigger",
      "name": "face-cut-task-queue-trigger",
      "provider": "provider[\"registry.terraform.io/yandex-cloud/yandex\"]",
      "instances": [
        {
          "schema_version": 0,
          "attributes": {
            "container": [],
            "created_at": "2023-11-30T16:40:59Z",
            "description": "Face cut task queue trigger",
            "dlq": [],
            "folder_id": "b1gkhbtm684hssimvbu7",
            "function": [
              {
                "id": "d4edqfhvq87olma94pkt",
                "retry_attempts": "",
                "retry_interval": "",
                "service_account_id": "ajenvm1gg829h2enr7ht",
                "tag": ""
              }
            ],
            "id": "a1sopjf125rqqdih65eo",
            "iot": [],
            "labels": null,
            "log_group": [],
            "logging": [],
            "message_queue": [
              {
                "batch_cutoff": "20",
                "batch_size": "1",
                "queue_id": "yrn:yc:ymq:ru-central1:b1gkhbtm684hssimvbu7:vvot08-task",
                "service_account_id": "ajenvm1gg829h2enr7ht",
                "visibility_timeout": ""
              }
            ],
            "name": "vvot08-task",
            "object_storage": [],
            "timeouts": null,
            "timer": []
          },
          "sensitive_attributes": [],
          "private": "eyJlMmJmYjczMC1lY2FhLTExZTYtOGY4OC0zNDM2M2JjN2M0YzAiOnsiY3JlYXRlIjozMDAwMDAwMDAwMDAsImRlbGV0ZSI6MzAwMDAwMDAwMDAwLCJ1cGRhdGUiOjMwMDAwMDAwMDAwMH19",
          "dependencies": [
            "yandex_function.face-cut-func",
            "yandex_iam_service_account_static_access_key.sa-static-key",
            "yandex_message_queue.face-cut-task-queue",
            "yandex_storage_bucket.faces-bucket",
            "yandex_storage_bucket.photos-bucket",
            "yandex_ydb_database_serverless.db",
            "yandex_ydb_table.photo-face-table"
          ]
        }
      ]
    },
    {
      "mode": "managed",
      "type": "yandex_function_trigger",
      "name": "upload-photo-trigger",
      "provider": "provider[\"registry.terraform.io/yandex-cloud/yandex\"]",
      "instances": [
        {
          "schema_version": 0,
          "attributes": {
            "container": [],
            "created_at": "2023-11-30T16:40:29Z",
            "description": "Upload photo trigger",
            "dlq": [],
            "folder_id": "b1gkhbtm684hssimvbu7",
            "function": [
              {
                "id": "d4e30glv1rab4q1mee0m",
                "retry_attempts": "",
                "retry_interval": "",
                "service_account_id": "ajenvm1gg829h2enr7ht",
                "tag": ""
              }
            ],
            "id": "a1scd7qdv1j9slsafa06",
            "iot": [],
            "labels": null,
            "log_group": [],
            "logging": [],
            "message_queue": [],
            "name": "vvot08-photo",
            "object_storage": [
              {
                "batch_cutoff": "0",
                "batch_size": "1",
                "bucket_id": "vvot08-photo",
                "create": true,
                "delete": false,
                "prefix": "",
                "suffix": ".jpg",
                "update": false
              }
            ],
            "timeouts": null,
            "timer": []
          },
          "sensitive_attributes": [],
          "private": "eyJlMmJmYjczMC1lY2FhLTExZTYtOGY4OC0zNDM2M2JjN2M0YzAiOnsiY3JlYXRlIjozMDAwMDAwMDAwMDAsImRlbGV0ZSI6MzAwMDAwMDAwMDAwLCJ1cGRhdGUiOjMwMDAwMDAwMDAwMH19",
          "dependencies": [
            "yandex_function.face-detection-func",
            "yandex_iam_service_account_api_key.sa-api-key",
            "yandex_iam_service_account_static_access_key.sa-static-key",
            "yandex_message_queue.face-cut-task-queue",
            "yandex_storage_bucket.photos-bucket"
          ]
        }
      ]
    },
    {
      "mode": "managed",
      "type": "yandex_iam_service_account_api_key",
      "name": "sa-api-key",
      "provider": "provider[\"registry.terraform.io/yandex-cloud/yandex\"]",
      "instances": [
        {
          "schema_version": 0,
          "attributes": {
            "created_at": "2023-11-30T16:39:25Z",
            "description": "Api key for authorization",
            "encrypted_secret_key": null,
            "id": "aje7q8mha3t3e8981mci",
            "key_fingerprint": null,
            "pgp_key": null,
            "secret_key": "AQVNx9ItFQ-jchKA2ZIv35RHcyUhr2xCYuNJsBxA",
            "service_account_id": "ajenvm1gg829h2enr7ht"
          },
          "sensitive_attributes": [],
          "private": "bnVsbA=="
        }
      ]
    },
    {
      "mode": "managed",
      "type": "yandex_iam_service_account_static_access_key",
      "name": "sa-static-key",
      "provider": "provider[\"registry.terraform.io/yandex-cloud/yandex\"]",
      "instances": [
        {
          "schema_version": 0,
          "attributes": {
            "access_key": "YCAJESfT3I71SWqrxCIOW7Ew_",
            "created_at": "2023-11-30T16:39:25Z",
            "description": "Static access key for object storage",
            "encrypted_secret_key": null,
            "id": "ajejjbt0pllptb32kt2l",
            "key_fingerprint": null,
            "pgp_key": null,
            "secret_key": "YCMZFJNRgayg9J2uYrtKFXA55Jck6ZoP69AYg7sk",
            "service_account_id": "ajenvm1gg829h2enr7ht"
          },
          "sensitive_attributes": [],
          "private": "bnVsbA=="
        }
      ]
    },
    {
      "mode": "managed",
      "type": "yandex_message_queue",
      "name": "face-cut-task-queue",
      "provider": "provider[\"registry.terraform.io/yandex-cloud/yandex\"]",
      "instances": [
        {
          "schema_version": 0,
          "attributes": {
            "access_key": "YCAJESfT3I71SWqrxCIOW7Ew_",
            "arn": "yrn:yc:ymq:ru-central1:b1gkhbtm684hssimvbu7:vvot08-task",
            "content_based_deduplication": false,
            "delay_seconds": 0,
            "fifo_queue": false,
            "id": "https://message-queue.api.cloud.yandex.net/b1g71e95h51okii30p25/dj6000000014dtcn02mk/vvot08-task",
            "max_message_size": 262144,
            "message_retention_seconds": 345600,
            "name": "vvot08-task",
            "name_prefix": null,
            "receive_wait_time_seconds": 0,
            "redrive_policy": "",
            "region_id": "ru-central1",
            "secret_key": "YCMZFJNRgayg9J2uYrtKFXA55Jck6ZoP69AYg7sk",
            "visibility_timeout_seconds": 30
          },
          "sensitive_attributes": [
            [
              {
                "type": "get_attr",
                "value": "secret_key"
              }
            ]
          ],
          "private": "bnVsbA==",
          "dependencies": [
            "yandex_iam_service_account_static_access_key.sa-static-key"
          ]
        }
      ]
    },
    {
      "mode": "managed",
      "type": "yandex_storage_bucket",
      "name": "faces-bucket",
      "provider": "provider[\"registry.terraform.io/yandex-cloud/yandex\"]",
      "instances": [
        {
          "schema_version": 0,
          "attributes": {
            "access_key": "YCAJESfT3I71SWqrxCIOW7Ew_",
            "acl": "private",
            "anonymous_access_flags": [
              {
                "config_read": false,
                "list": false,
                "read": false
              }
            ],
            "bucket": "vvot08-faces",
            "bucket_domain_name": "vvot08-faces.storage.yandexcloud.net",
            "bucket_prefix": null,
            "cors_rule": [],
            "default_storage_class": "STANDARD",
            "folder_id": "b1gkhbtm684hssimvbu7",
            "force_destroy": false,
            "grant": [],
            "https": [],
            "id": "vvot08-faces",
            "lifecycle_rule": [],
            "logging": [],
            "max_size": 0,
            "object_lock_configuration": [],
            "policy": "",
            "secret_key": "YCMZFJNRgayg9J2uYrtKFXA55Jck6ZoP69AYg7sk",
            "server_side_encryption_configuration": [],
            "tags": {},
            "versioning": [
              {
                "enabled": false
              }
            ],
            "website": [],
            "website_domain": null,
            "website_endpoint": null
          },
          "sensitive_attributes": [
            [
              {
                "type": "get_attr",
                "value": "secret_key"
              }
            ]
          ],
          "private": "bnVsbA==",
          "dependencies": [
            "yandex_iam_service_account_static_access_key.sa-static-key"
          ]
        }
      ]
    },
    {
      "mode": "managed",
      "type": "yandex_storage_bucket",
      "name": "photos-bucket",
      "provider": "provider[\"registry.terraform.io/yandex-cloud/yandex\"]",
      "instances": [
        {
          "schema_version": 0,
          "attributes": {
            "access_key": "YCAJESfT3I71SWqrxCIOW7Ew_",
            "acl": "private",
            "anonymous_access_flags": [
              {
                "config_read": false,
                "list": false,
                "read": false
              }
            ],
            "bucket": "vvot08-photo",
            "bucket_domain_name": "vvot08-photo.storage.yandexcloud.net",
            "bucket_prefix": null,
            "cors_rule": [],
            "default_storage_class": "STANDARD",
            "folder_id": "b1gkhbtm684hssimvbu7",
            "force_destroy": false,
            "grant": [],
            "https": [],
            "id": "vvot08-photo",
            "lifecycle_rule": [],
            "logging": [],
            "max_size": 0,
            "object_lock_configuration": [],
            "policy": "",
            "secret_key": "YCMZFJNRgayg9J2uYrtKFXA55Jck6ZoP69AYg7sk",
            "server_side_encryption_configuration": [],
            "tags": {},
            "versioning": [
              {
                "enabled": false
              }
            ],
            "website": [],
            "website_domain": null,
            "website_endpoint": null
          },
          "sensitive_attributes": [
            [
              {
                "type": "get_attr",
                "value": "secret_key"
              }
            ]
          ],
          "private": "bnVsbA==",
          "dependencies": [
            "yandex_iam_service_account_static_access_key.sa-static-key"
          ]
        }
      ]
    },
    {
      "mode": "managed",
      "type": "yandex_ydb_database_serverless",
      "name": "db",
      "provider": "provider[\"registry.terraform.io/yandex-cloud/yandex\"]",
      "instances": [
        {
          "schema_version": 0,
          "attributes": {
            "created_at": "2023-11-30T16:39:25Z",
            "database_path": "/ru-central1/b1g71e95h51okii30p25/etn3lgh8fhr884em47s0",
            "deletion_protection": false,
            "description": "",
            "document_api_endpoint": "https://docapi.serverless.yandexcloud.net/ru-central1/b1g71e95h51okii30p25/etn3lgh8fhr884em47s0",
            "folder_id": "b1gkhbtm684hssimvbu7",
            "id": "etn3lgh8fhr884em47s0",
            "labels": {},
            "location_id": "ru-central1",
            "name": "vvot08-db-photo-face",
            "serverless_database": [
              {
                "enable_throttling_rcu_limit": false,
                "provisioned_rcu_limit": 0,
                "storage_size_limit": 5,
                "throttling_rcu_limit": 0
              }
            ],
            "status": "RUNNING",
            "timeouts": null,
            "tls_enabled": true,
            "ydb_api_endpoint": "ydb.serverless.yandexcloud.net:2135",
            "ydb_full_endpoint": "grpcs://ydb.serverless.yandexcloud.net:2135/?database=/ru-central1/b1g71e95h51okii30p25/etn3lgh8fhr884em47s0"
          },
          "sensitive_attributes": [],
          "private": "eyJlMmJmYjczMC1lY2FhLTExZTYtOGY4OC0zNDM2M2JjN2M0YzAiOnsiY3JlYXRlIjo2MDAwMDAwMDAwMDAsImRlZmF1bHQiOjYwMDAwMDAwMDAwMCwiZGVsZXRlIjo2MDAwMDAwMDAwMDAsInJlYWQiOjYwMDAwMDAwMDAwMCwidXBkYXRlIjo2MDAwMDAwMDAwMDB9fQ=="
        }
      ]
    },
    {
      "mode": "managed",
      "type": "yandex_ydb_table",
      "name": "photo-face-table",
      "provider": "provider[\"registry.terraform.io/yandex-cloud/yandex\"]",
      "instances": [
        {
          "schema_version": 0,
          "attributes": {
            "attributes": {},
            "column": [
              {
                "family": "",
                "name": "key_id",
                "not_null": true,
                "type": "Utf8"
              },
              {
                "family": "",
                "name": "name",
                "not_null": false,
                "type": "Utf8"
              },
              {
                "family": "",
                "name": "origin_photo_key_id",
                "not_null": false,
                "type": "Utf8"
              },
              {
                "family": "",
                "name": "tg_object_id",
                "not_null": false,
                "type": "Utf8"
              }
            ],
            "connection_string": "grpcs://ydb.serverless.yandexcloud.net:2135/?database=/ru-central1/b1g71e95h51okii30p25/etn3lgh8fhr884em47s0",
            "family": [],
            "id": "grpcs://ydb.serverless.yandexcloud.net:2135/?database=/ru-central1/b1g71e95h51okii30p25/etn3lgh8fhr884em47s0?path=photo_face",
            "key_bloom_filter": false,
            "partitioning_settings": [
              {
                "auto_partitioning_by_load": false,
                "auto_partitioning_by_size_enabled": true,
                "auto_partitioning_max_partitions_count": 0,
                "auto_partitioning_min_partitions_count": 1,
                "auto_partitioning_partition_size_mb": 2048,
                "partition_at_keys": [],
                "uniform_partitions": 0
              }
            ],
            "path": "photo_face",
            "primary_key": [
              "key_id"
            ],
            "read_replicas_settings": "PER_AZ:0",
            "timeouts": null,
            "ttl": []
          },
          "sensitive_attributes": [],
          "private": "eyJlMmJmYjczMC1lY2FhLTExZTYtOGY4OC0zNDM2M2JjN2M0YzAiOnsiY3JlYXRlIjoxMjAwMDAwMDAwMDAwLCJkZWZhdWx0IjoxMjAwMDAwMDAwMDAwLCJkZWxldGUiOjEyMDAwMDAwMDAwMDAsInJlYWQiOjEyMDAwMDAwMDAwMDAsInVwZGF0ZSI6MTIwMDAwMDAwMDAwMH19",
          "dependencies": [
            "yandex_ydb_database_serverless.db"
          ]
        }
      ]
    }
  ],
  "check_results": null
}
